// !$*UTF8*$!
{
	archiveVersion = 1;
	classes = {
	};
	objectVersion = 50;
	objects = {

/* Begin PBXBuildFile section */
		9798EFF62071D6F0000FADB4 /* AppDelegate.swift in Sources */ = {isa = PBXBuildFile; fileRef = 9798EFF52071D6F0000FADB4 /* AppDelegate.swift */; };
		9798EFF82071D6F0000FADB4 /* ViewController.swift in Sources */ = {isa = PBXBuildFile; fileRef = 9798EFF72071D6F0000FADB4 /* ViewController.swift */; };
		9798EFFB2071D6F0000FADB4 /* Main.storyboard in Resources */ = {isa = PBXBuildFile; fileRef = 9798EFF92071D6F0000FADB4 /* Main.storyboard */; };
		9798EFFD2071D6F1000FADB4 /* Assets.xcassets in Resources */ = {isa = PBXBuildFile; fileRef = 9798EFFC2071D6F1000FADB4 /* Assets.xcassets */; };
		9798F0002071D6F1000FADB4 /* LaunchScreen.storyboard in Resources */ = {isa = PBXBuildFile; fileRef = 9798EFFE2071D6F1000FADB4 /* LaunchScreen.storyboard */; };
		9798F00B2071D87A000FADB4 /* PinkViewController.swift in Sources */ = {isa = PBXBuildFile; fileRef = 9798F0092071D87A000FADB4 /* PinkViewController.swift */; };
		9798F00C2071D87A000FADB4 /* PinkViewController.xib in Resources */ = {isa = PBXBuildFile; fileRef = 9798F00A2071D87A000FADB4 /* PinkViewController.xib */; };
/* End PBXBuildFile section */

/* Begin PBXFileReference section */
		9798EFF22071D6F0000FADB4 /* 2018-session1-nibs.app */ = {isa = PBXFileReference; explicitFileType = wrapper.application; includeInIndex = 0; path = "2018-session1-nibs.app"; sourceTree = BUILT_PRODUCTS_DIR; };
		9798EFF52071D6F0000FADB4 /* AppDelegate.swift */ = {isa = PBXFileReference; lastKnownFileType = sourcecode.swift; path = AppDelegate.swift; sourceTree = "<group>"; };
		9798EFF72071D6F0000FADB4 /* ViewController.swift */ = {isa = PBXFileReference; lastKnownFileType = sourcecode.swift; path = ViewController.swift; sourceTree = "<group>"; };
		9798EFFA2071D6F0000FADB4 /* Base */ = {isa = PBXFileReference; lastKnownFileType = file.storyboard; name = Base; path = Base.lproj/Main.storyboard; sourceTree = "<group>"; };
		9798EFFC2071D6F1000FADB4 /* Assets.xcassets */ = {isa = PBXFileReference; lastKnownFileType = folder.assetcatalog; path = Assets.xcassets; sourceTree = "<group>"; };
		9798EFFF2071D6F1000FADB4 /* Base */ = {isa = PBXFileReference; lastKnownFileType = file.storyboard; name = Base; path = Base.lproj/LaunchScreen.storyboard; sourceTree = "<group>"; };
		9798F0012071D6F1000FADB4 /* Info.plist */ = {isa = PBXFileReference; lastKnownFileType = text.plist.xml; path = Info.plist; sourceTree = "<group>"; };
		9798F0092071D87A000FADB4 /* PinkViewController.swift */ = {isa = PBXFileReference; lastKnownFileType = sourcecode.swift; path = PinkViewController.swift; sourceTree = "<group>"; };
		9798F00A2071D87A000FADB4 /* PinkViewController.xib */ = {isa = PBXFileReference; lastKnownFileType = file.xib; path = PinkViewController.xib; sourceTree = "<group>"; };
/* End PBXFileReference section */

/* Begin PBXFrameworksBuildPhase section */
		9798EFEF2071D6F0000FADB4 /* Frameworks */ = {
			isa = PBXFrameworksBuildPhase;
			buildActionMask = 2147483647;
			files = (
			);
			runOnlyForDeploymentPostprocessing = 0;
		};
/* End PBXFrameworksBuildPhase section */

/* Begin PBXGroup section */
		9798EFE92071D6F0000FADB4 = {
			isa = PBXGroup;
			children = (
				9798EFF42071D6F0000FADB4 /* 2018-session1-nibs */,
				9798EFF32071D6F0000FADB4 /* Products */,
			);
			sourceTree = "<group>";
		};
		9798EFF32071D6F0000FADB4 /* Products */ = {
			isa = PBXGroup;
			children = (
				9798EFF22071D6F0000FADB4 /* 2018-session1-nibs.app */,
			);
			name = Products;
			sourceTree = "<group>";
		};
		9798EFF42071D6F0000FADB4 /* 2018-session1-nibs */ = {
			isa = PBXGroup;
			children = (
				9798F0092071D87A000FADB4 /* PinkViewController.swift */,
				9798F00A2071D87A000FADB4 /* PinkViewController.xib */,
				9798EFF52071D6F0000FADB4 /* AppDelegate.swift */,
				9798EFF72071D6F0000FADB4 /* ViewController.swift */,
				9798EFF92071D6F0000FADB4 /* Main.storyboard */,
				9798EFFC2071D6F1000FADB4 /* Assets.xcassets */,
				9798EFFE2071D6F1000FADB4 /* LaunchScreen.storyboard */,
				9798F0012071D6F1000FADB4 /* Info.plist */,
			);
			path = "2018-session1-nibs";
			sourceTree = "<group>";
		};
/* End PBXGroup section */

/* Begin PBXNativeTarget section */
		9798EFF12071D6F0000FADB4 /* 2018-session1-nibs */ = {
			isa = PBXNativeTarget;
			buildConfigurationList = 9798F0042071D6F1000FADB4 /* Build configuration list for PBXNativeTarget "2018-session1-nibs" */;
			buildPhases = (
				9798EFEE2071D6F0000FADB4 /* Sources */,
				9798EFEF2071D6F0000FADB4 /* Frameworks */,
				9798EFF02071D6F0000FADB4 /* Resources */,
			);
			buildRules = (
			);
			dependencies = (
			);
			name = "2018-session1-nibs";
			productName = "2018-session1-nibs";
			productReference = 9798EFF22071D6F0000FADB4 /* 2018-session1-nibs.app */;
			productType = "com.apple.product-type.application";
		};
/* End PBXNativeTarget section */

/* Begin PBXProject section */
		9798EFEA2071D6F0000FADB4 /* Project object */ = {
			isa = PBXProject;
			attributes = {
				LastSwiftUpdateCheck = 0930;
				LastUpgradeCheck = 0930;
				ORGANIZATIONNAME = "T. Andrew Binkowski";
				TargetAttributes = {
					9798EFF12071D6F0000FADB4 = {
						CreatedOnToolsVersion = 9.3;
					};
				};
			};
			buildConfigurationList = 9798EFED2071D6F0000FADB4 /* Build configuration list for PBXProject "2018-session1-nibs" */;
			compatibilityVersion = "Xcode 9.3";
			developmentRegion = en;
			hasScannedForEncodings = 0;
			knownRegions = (
				en,
				Base,
			);
			mainGroup = 9798EFE92071D6F0000FADB4;
			productRefGroup = 9798EFF32071D6F0000FADB4 /* Products */;
			projectDirPath = "";
			projectRoot = "";
			targets = (
				9798EFF12071D6F0000FADB4 /* 2018-session1-nibs */,
			);
		};
/* End PBXProject section */

/* Begin PBXResourcesBuildPhase section */
		9798EFF02071D6F0000FADB4 /* Resources */ = {
			isa = PBXResourcesBuildPhase;
			buildActionMask = 2147483647;
			files = (
				9798F00C2071D87A000FADB4 /* PinkViewController.xib in Resources */,
				9798F0002071D6F1000FADB4 /* LaunchScreen.storyboard in Resources */,
				9798EFFD2071D6F1000FADB4 /* Assets.xcassets in Resources */,
				9798EFFB2071D6F0000FADB4 /* Main.storyboard in Resources */,
			);
			runOnlyForDeploymentPostprocessing = 0;
		};
/* End PBXResourcesBuildPhase section */

/* Begin PBXSourcesBuildPhase section */
		9798EFEE2071D6F0000FADB4 /* Sources */ = {
			isa = PBXSourcesBuildPhase;
			buildActionMask = 2147483647;
			files = (
				9798F00B2071D87A000FADB4 /* PinkViewController.swift in Sources */,
				9798EFF82071D6F0000FADB4 /* ViewController.swift in Sources */,
				9798EFF62071D6F0000FADB4 /* AppDelegate.swift in Sources */,
			);
			runOnlyForDeploymentPostprocessing = 0;
		};
/* End PBXSourcesBuildPhase section */

/* Begin PBXVariantGroup section */
		9798EFF92071D6F0000FADB4 /* Main.storyboard */ = {
			isa = PBXVariantGroup;
			children = (
				9798EFFA2071D6F0000FADB4 /* Base */,
			);
			name = Main.storyboard;
			sourceTree = "<group>";
		};
		9798EFFE2071D6F1000FADB4 /* LaunchScreen.storyboard */ = {
			isa = PBXVariantGroup;
			children = (
				9798EFFF2071D6F1000FADB4 /* Base */,
			);
			name = LaunchScreen.storyboard;
			sourceTree = "<group>";
		};
/* End PBXVariantGroup section */

/* Begin XCBuildConfiguration section */
		9798F0022071D6F1000FADB4 /* Debug */ = {
			isa = XCBuildConfiguration;
			buildSettings = {
				ALWAYS_SEARCH_USER_PATHS = NO;
				CLANG_ANALYZER_NONNULL = YES;
				CLANG_ANALYZER_NUMBER_OBJECT_CONVERSION = YES_AGGRESSIVE;
				CLANG_CXX_LANGUAGE_STANDARD = "gnu++14";
				CLANG_CXX_LIBRARY = "libc++";
				CLANG_ENABLE_MODULES = YES;
				CLANG_ENABLE_OBJC_ARC = YES;
				CLANG_ENABLE_OBJC_WEAK = YES;
				CLANG_WARN_BLOCK_CAPTURE_AUTORELEASING = YES;
				CLANG_WARN_BOOL_CONVERSION = YES;
				CLANG_WARN_COMMA = YES;
				CLANG_WARN_CONSTANT_CONVERSION = YES;
				CLANG_WARN_DEPRECATED_OBJC_IMPLEMENTATIONS = YES;
				CLANG_WARN_DIRECT_OBJC_ISA_USAGE = YES_ERROR;
				CLANG_WARN_DOCUMENTATION_COMMENTS = YES;
				CLANG_WARN_EMPTY_BODY = YES;
				CLANG_WARN_ENUM_CONVERSION = YES;
				CLANG_WARN_INFINITE_RECURSION = YES;
				CLANG_WARN_INT_CONVERSION = YES;
				CLANG_WARN_NON_LITERAL_NULL_CONVERSION = YES;
				CLANG_WARN_OBJC_IMPLICIT_RETAIN_SELF = YES;
				CLANG_WARN_OBJC_LITERAL_CONVERSION = YES;
				CLANG_WARN_OBJC_ROOT_CLASS = YES_ERROR;
				CLANG_WARN_RANGE_LOOP_ANALYSIS = YES;
				CLANG_WARN_STRICT_PROTOTYPES = YES;
				CLANG_WARN_SUSPICIOUS_MOVE = YES;
				CLANG_WARN_UNGUARDED_AVAILABILITY = YES_AGGRESSIVE;
				CLANG_WARN_UNREACHABLE_CODE = YES;
				CLANG_WARN__DUPLICATE_METHOD_MATCH = YES;
				CODE_SIGN_IDENTITY = "iPhone Developer";
				COPY_PHASE_STRIP = NO;
				DEBUG_INFORMATION_FORMAT = dwarf;
				ENABLE_STRICT_OBJC_MSGSEND = YES;
				ENABLE_TESTABILITY = YES;
				GCC_C_LANGUAGE_STANDARD = gnu11;
				GCC_DYNAMIC_NO_PIC = NO;
				GCC_NO_COMMON_BLOCKS = YES;
				GCC_OPTIMIZATION_LEVEL = 0;
				GCC_PREPROCESSOR_DEFINITIONS = (
					"DEBUG=1",
					"$(inherited)",
				);
				GCC_WARN_64_TO_32_BIT_CONVERSION = YES;
				GCC_WARN_ABOUT_RETURN_TYPE = YES_ERROR;
				GCC_WARN_UNDECLARED_SELECTOR = YES;
				GCC_WARN_UNINITIALIZED_AUTOS = YES_AGGRESSIVE;
				GCC_WARN_UNUSED_FUNCTION = YES;
				GCC_WARN_UNUSED_VARIABLE = YES;
				IPHONEOS_DEPLOYMENT_TARGET = 11.3;
				MTL_ENABLE_DEBUG_INFO = YES;
				ONLY_ACTIVE_ARCH = YES;
				SDKROOT = iphoneos;
				SWIFT_ACTIVE_COMPILATION_CONDITIONS = DEBUG;
				SWIFT_OPTIMIZATION_LEVEL = "-Onone";
			};
			name = Debug;
		};
		9798F0032071D6F1000FADB4 /* Release */ = {
			isa = XCBuildConfiguration;
			buildSettings = {
				ALWAYS_SEARCH_USER_PATHS = NO;
				CLANG_ANALYZER_NONNULL = YES;
				CLANG_ANALYZER_NUMBER_OBJECT_CONVERSION = YES_AGGRESSIVE;
				CLANG_CXX_LANGUAGE_STANDARD = "gnu++14";
				CLANG_CXX_LIBRARY = "libc++";
				CLANG_ENABLE_MODULES = YES;
				CLANG_ENABLE_OBJC_ARC = YES;
				CLANG_ENABLE_OBJC_WEAK = YES;
				CLANG_WARN_BLOCK_CAPTURE_AUTORELEASING = YES;
				CLANG_WARN_BOOL_CONVERSION = YES;
				CLANG_WARN_COMMA = YES;
				CLANG_WARN_CONSTANT_CONVERSION = YES;
				CLANG_WARN_DEPRECATED_OBJC_IMPLEMENTATIONS = YES;
				CLANG_WARN_DIRECT_OBJC_ISA_USAGE = YES_ERROR;
				CLANG_WARN_DOCUMENTATION_COMMENTS = YES;
				CLANG_WARN_EMPTY_BODY = YES;
				CLANG_WARN_ENUM_CONVERSION = YES;
				CLANG_WARN_INFINITE_RECURSION = YES;
				CLANG_WARN_INT_CONVERSION = YES;
				CLANG_WARN_NON_LITERAL_NULL_CONVERSION = YES;
				CLANG_WARN_OBJC_IMPLICIT_RETAIN_SELF = YES;
				CLANG_WARN_OBJC_LITERAL_CONVERSION = YES;
				CLANG_WARN_OBJC_ROOT_CLASS = YES_ERROR;
				CLANG_WARN_RANGE_LOOP_ANALYSIS = YES;
				CLANG_WARN_STRICT_PROTOTYPES = YES;
				CLANG_WARN_SUSPICIOUS_MOVE = YES;
				CLANG_WARN_UNGUARDED_AVAILABILITY = YES_AGGRESSIVE;
				CLANG_WARN_UNREACHABLE_CODE = YES;
				CLANG_WARN__DUPLICATE_METHOD_MATCH = YES;
				CODE_SIGN_IDENTITY = "iPhone Developer";
				COPY_PHASE_STRIP = NO;
				DEBUG_INFORMATION_FORMAT = "dwarf-with-dsym";
				ENABLE_NS_ASSERTIONS = NO;
				ENABLE_STRICT_OBJC_MSGSEND = YES;
				GCC_C_LANGUAGE_STANDARD = gnu11;
				GCC_NO_COMMON_BLOCKS = YES;
				GCC_WARN_64_TO_32_BIT_CONVERSION = YES;
				GCC_WARN_ABOUT_RETURN_TYPE = YES_ERROR;
				GCC_WARN_UNDECLARED_SELECTOR = YES;
				GCC_WARN_UNINITIALIZED_AUTOS = YES_AGGRESSIVE;
				GCC_WARN_UNUSED_FUNCTION = YES;
				GCC_WARN_UNUSED_VARIABLE = YES;
				IPHONEOS_DEPLOYMENT_TARGET = 11.3;
				MTL_ENABLE_DEBUG_INFO = NO;
				SDKROOT = iphoneos;
				SWIFT_COMPILATION_MODE = wholemodule;
				SWIFT_OPTIMIZATION_LEVEL = "-O";
				VALIDATE_PRODUCT = YES;
			};
			name = Release;
		};
		9798F0052071D6F1000FADB4 /* Debug */ = {
			isa = XCBuildConfiguration;
			buildSettings = {
				ASSETCATALOG_COMPILER_APPICON_NAME = AppIcon;
				CODE_SIGN_STYLE = Automatic;
				DEVELOPMENT_TEAM = 723KYE3F9E;
				INFOPLIST_FILE = "2018-session1-nibs/Info.plist";
				LD_RUNPATH_SEARCH_PATHS = (
					"$(inherited)",
					"@executable_path/Frameworks",
				);
				PRODUCT_BUNDLE_IDENTIFIER = "mobi.uchicago.-018-session1-nibs";
				PRODUCT_NAME = "$(TARGET_NAME)";
				SWIFT_VERSION = 4.0;
				TARGETED_DEVICE_FAMILY = "1,2";
			};
			name = Debug;
		};
		9798F0062071D6F1000FADB4 /* Release */ = {
			isa = XCBuildConfiguration;
			buildSettings = {
				ASSETCATALOG_COMPILER_APPICON_NAME = AppIcon;
				CODE_SIGN_STYLE = Automatic;
				DEVELOPMENT_TEAM = 723KYE3F9E;
				INFOPLIST_FILE = "2018-session1-nibs/Info.plist";
				LD_RUNPATH_SEARCH_PATHS = (
					"$(inherited)",
					"@executable_path/Frameworks",
				);
				PRODUCT_BUNDLE_IDENTIFIER = "mobi.uchicago.-018-session1-nibs";
				PRODUCT_NAME = "$(TARGET_NAME)";
				SWIFT_VERSION = 4.0;
				TARGETED_DEVICE_FAMILY = "1,2";
			};
			name = Release;
		};
/* End XCBuildConfiguration section */

/* Begin XCConfigurationList section */
		9798EFED2071D6F0000FADB4 /* Build configuration list for PBXProject "2018-session1-nibs" */ = {
			isa = XCConfigurationList;
			buildConfigurations = (
				9798F0022071D6F1000FADB4 /* Debug */,
				9798F0032071D6F1000FADB4 /* Release */,
			);
			defaultConfigurationIsVisible = 0;
			defaultConfigurationName = Release;
		};
		9798F0042071D6F1000FADB4 /* Build configuration list for PBXNativeTarget "2018-session1-nibs" */ = {
			isa = XCConfigurationList;
			buildConfigurations = (
				9798F0052071D6F1000FADB4 /* Debug */,
				9798F0062071D6F1000FADB4 /* Release */,
			);
			defaultConfigurationIsVisible = 0;
			defaultConfigurationName = Release;
		};
/* End XCConfigurationList section */
	};
	rootObject = 9798EFEA2071D6F0000FADB4 /* Project object */;
}
