// !$*UTF8*$!
{
	archiveVersion = 1;
	classes = {
	};
	objectVersion = 50;
	objects = {

/* Begin PBXBuildFile section */
		97E9F9C82486A2A400D9A3D6 /* AppDelegate.swift in Sources */ = {isa = PBXBuildFile; fileRef = 97E9F9C72486A2A400D9A3D6 /* AppDelegate.swift */; };
		97E9F9CA2486A2A400D9A3D6 /* SceneDelegate.swift in Sources */ = {isa = PBXBuildFile; fileRef = 97E9F9C92486A2A400D9A3D6 /* SceneDelegate.swift */; };
		97E9F9CC2486A2A400D9A3D6 /* ViewController.swift in Sources */ = {isa = PBXBuildFile; fileRef = 97E9F9CB2486A2A400D9A3D6 /* ViewController.swift */; };
		97E9F9CF2486A2A400D9A3D6 /* Main.storyboard in Resources */ = {isa = PBXBuildFile; fileRef = 97E9F9CD2486A2A400D9A3D6 /* Main.storyboard */; };
		97E9F9D12486A2A600D9A3D6 /* Assets.xcassets in Resources */ = {isa = PBXBuildFile; fileRef = 97E9F9D02486A2A600D9A3D6 /* Assets.xcassets */; };
		97E9F9D42486A2A600D9A3D6 /* LaunchScreen.storyboard in Resources */ = {isa = PBXBuildFile; fileRef = 97E9F9D22486A2A600D9A3D6 /* LaunchScreen.storyboard */; };
		97E9F9DF2486A2A600D9A3D6 /* _020_localizationTests.swift in Sources */ = {isa = PBXBuildFile; fileRef = 97E9F9DE2486A2A600D9A3D6 /* _020_localizationTests.swift */; };
		97E9F9EA2486A2A600D9A3D6 /* _020_localizationUITests.swift in Sources */ = {isa = PBXBuildFile; fileRef = 97E9F9E92486A2A600D9A3D6 /* _020_localizationUITests.swift */; };
		97E9F9FD2486A97B00D9A3D6 /* Localizable.strings in Resources */ = {isa = PBXBuildFile; fileRef = 97E9F9FF2486A97B00D9A3D6 /* Localizable.strings */; };
/* End PBXBuildFile section */

/* Begin PBXContainerItemProxy section */
		97E9F9DB2486A2A600D9A3D6 /* PBXContainerItemProxy */ = {
			isa = PBXContainerItemProxy;
			containerPortal = 97E9F9BC2486A2A400D9A3D6 /* Project object */;
			proxyType = 1;
			remoteGlobalIDString = 97E9F9C32486A2A400D9A3D6;
			remoteInfo = "2020-localization";
		};
		97E9F9E62486A2A600D9A3D6 /* PBXContainerItemProxy */ = {
			isa = PBXContainerItemProxy;
			containerPortal = 97E9F9BC2486A2A400D9A3D6 /* Project object */;
			proxyType = 1;
			remoteGlobalIDString = 97E9F9C32486A2A400D9A3D6;
			remoteInfo = "2020-localization";
		};
/* End PBXContainerItemProxy section */

/* Begin PBXFileReference section */
		97E9F9C42486A2A400D9A3D6 /* 2020-localization.app */ = {isa = PBXFileReference; explicitFileType = wrapper.application; includeInIndex = 0; path = "2020-localization.app"; sourceTree = BUILT_PRODUCTS_DIR; };
		97E9F9C72486A2A400D9A3D6 /* AppDelegate.swift */ = {isa = PBXFileReference; lastKnownFileType = sourcecode.swift; path = AppDelegate.swift; sourceTree = "<group>"; };
		97E9F9C92486A2A400D9A3D6 /* SceneDelegate.swift */ = {isa = PBXFileReference; lastKnownFileType = sourcecode.swift; path = SceneDelegate.swift; sourceTree = "<group>"; };
		97E9F9CB2486A2A400D9A3D6 /* ViewController.swift */ = {isa = PBXFileReference; lastKnownFileType = sourcecode.swift; path = ViewController.swift; sourceTree = "<group>"; };
		97E9F9CE2486A2A400D9A3D6 /* Base */ = {isa = PBXFileReference; lastKnownFileType = file.storyboard; name = Base; path = Base.lproj/Main.storyboard; sourceTree = "<group>"; };
		97E9F9D02486A2A600D9A3D6 /* Assets.xcassets */ = {isa = PBXFileReference; lastKnownFileType = folder.assetcatalog; path = Assets.xcassets; sourceTree = "<group>"; };
		97E9F9D32486A2A600D9A3D6 /* Base */ = {isa = PBXFileReference; lastKnownFileType = file.storyboard; name = Base; path = Base.lproj/LaunchScreen.storyboard; sourceTree = "<group>"; };
		97E9F9D52486A2A600D9A3D6 /* Info.plist */ = {isa = PBXFileReference; lastKnownFileType = text.plist.xml; path = Info.plist; sourceTree = "<group>"; };
		97E9F9DA2486A2A600D9A3D6 /* 2020-localizationTests.xctest */ = {isa = PBXFileReference; explicitFileType = wrapper.cfbundle; includeInIndex = 0; path = "2020-localizationTests.xctest"; sourceTree = BUILT_PRODUCTS_DIR; };
		97E9F9DE2486A2A600D9A3D6 /* _020_localizationTests.swift */ = {isa = PBXFileReference; lastKnownFileType = sourcecode.swift; path = _020_localizationTests.swift; sourceTree = "<group>"; };
		97E9F9E02486A2A600D9A3D6 /* Info.plist */ = {isa = PBXFileReference; lastKnownFileType = text.plist.xml; path = Info.plist; sourceTree = "<group>"; };
		97E9F9E52486A2A600D9A3D6 /* 2020-localizationUITests.xctest */ = {isa = PBXFileReference; explicitFileType = wrapper.cfbundle; includeInIndex = 0; path = "2020-localizationUITests.xctest"; sourceTree = BUILT_PRODUCTS_DIR; };
		97E9F9E92486A2A600D9A3D6 /* _020_localizationUITests.swift */ = {isa = PBXFileReference; lastKnownFileType = sourcecode.swift; path = _020_localizationUITests.swift; sourceTree = "<group>"; };
		97E9F9EB2486A2A600D9A3D6 /* Info.plist */ = {isa = PBXFileReference; lastKnownFileType = text.plist.xml; path = Info.plist; sourceTree = "<group>"; };
		97E9F9F92486A45400D9A3D6 /* es */ = {isa = PBXFileReference; lastKnownFileType = text.plist.strings; name = es; path = es.lproj/Main.strings; sourceTree = "<group>"; };
		97E9F9FA2486A45400D9A3D6 /* es */ = {isa = PBXFileReference; lastKnownFileType = text.plist.strings; name = es; path = es.lproj/LaunchScreen.strings; sourceTree = "<group>"; };
		97E9F9FE2486A97B00D9A3D6 /* es */ = {isa = PBXFileReference; lastKnownFileType = text.plist.strings; name = es; path = es.lproj/Localizable.strings; sourceTree = "<group>"; };
		97E9FA002486AA5B00D9A3D6 /* en */ = {isa = PBXFileReference; lastKnownFileType = text.plist.strings; name = en; path = en.lproj/Localizable.strings; sourceTree = "<group>"; };
/* End PBXFileReference section */

/* Begin PBXFrameworksBuildPhase section */
		97E9F9C12486A2A400D9A3D6 /* Frameworks */ = {
			isa = PBXFrameworksBuildPhase;
			buildActionMask = 2147483647;
			files = (
			);
			runOnlyForDeploymentPostprocessing = 0;
		};
		97E9F9D72486A2A600D9A3D6 /* Frameworks */ = {
			isa = PBXFrameworksBuildPhase;
			buildActionMask = 2147483647;
			files = (
			);
			runOnlyForDeploymentPostprocessing = 0;
		};
		97E9F9E22486A2A600D9A3D6 /* Frameworks */ = {
			isa = PBXFrameworksBuildPhase;
			buildActionMask = 2147483647;
			files = (
			);
			runOnlyForDeploymentPostprocessing = 0;
		};
/* End PBXFrameworksBuildPhase section */

/* Begin PBXGroup section */
		97E9F9BB2486A2A400D9A3D6 = {
			isa = PBXGroup;
			children = (
				97E9F9C62486A2A400D9A3D6 /* 2020-localization */,
				97E9F9DD2486A2A600D9A3D6 /* 2020-localizationTests */,
				97E9F9E82486A2A600D9A3D6 /* 2020-localizationUITests */,
				97E9F9C52486A2A400D9A3D6 /* Products */,
			);
			sourceTree = "<group>";
		};
		97E9F9C52486A2A400D9A3D6 /* Products */ = {
			isa = PBXGroup;
			children = (
				97E9F9C42486A2A400D9A3D6 /* 2020-localization.app */,
				97E9F9DA2486A2A600D9A3D6 /* 2020-localizationTests.xctest */,
				97E9F9E52486A2A600D9A3D6 /* 2020-localizationUITests.xctest */,
			);
			name = Products;
			sourceTree = "<group>";
		};
		97E9F9C62486A2A400D9A3D6 /* 2020-localization */ = {
			isa = PBXGroup;
			children = (
				97E9F9C72486A2A400D9A3D6 /* AppDelegate.swift */,
				97E9F9C92486A2A400D9A3D6 /* SceneDelegate.swift */,
				97E9F9CB2486A2A400D9A3D6 /* ViewController.swift */,
				97E9F9FF2486A97B00D9A3D6 /* Localizable.strings */,
				97E9F9CD2486A2A400D9A3D6 /* Main.storyboard */,
				97E9F9D02486A2A600D9A3D6 /* Assets.xcassets */,
				97E9F9D22486A2A600D9A3D6 /* LaunchScreen.storyboard */,
				97E9F9D52486A2A600D9A3D6 /* Info.plist */,
			);
			path = "2020-localization";
			sourceTree = "<group>";
		};
		97E9F9DD2486A2A600D9A3D6 /* 2020-localizationTests */ = {
			isa = PBXGroup;
			children = (
				97E9F9DE2486A2A600D9A3D6 /* _020_localizationTests.swift */,
				97E9F9E02486A2A600D9A3D6 /* Info.plist */,
			);
			path = "2020-localizationTests";
			sourceTree = "<group>";
		};
		97E9F9E82486A2A600D9A3D6 /* 2020-localizationUITests */ = {
			isa = PBXGroup;
			children = (
				97E9F9E92486A2A600D9A3D6 /* _020_localizationUITests.swift */,
				97E9F9EB2486A2A600D9A3D6 /* Info.plist */,
			);
			path = "2020-localizationUITests";
			sourceTree = "<group>";
		};
/* End PBXGroup section */

/* Begin PBXNativeTarget section */
		97E9F9C32486A2A400D9A3D6 /* 2020-localization */ = {
			isa = PBXNativeTarget;
			buildConfigurationList = 97E9F9EE2486A2A600D9A3D6 /* Build configuration list for PBXNativeTarget "2020-localization" */;
			buildPhases = (
				97E9F9C02486A2A400D9A3D6 /* Sources */,
				97E9F9C12486A2A400D9A3D6 /* Frameworks */,
				97E9F9C22486A2A400D9A3D6 /* Resources */,
			);
			buildRules = (
			);
			dependencies = (
			);
			name = "2020-localization";
			productName = "2020-localization";
			productReference = 97E9F9C42486A2A400D9A3D6 /* 2020-localization.app */;
			productType = "com.apple.product-type.application";
		};
		97E9F9D92486A2A600D9A3D6 /* 2020-localizationTests */ = {
			isa = PBXNativeTarget;
			buildConfigurationList = 97E9F9F12486A2A600D9A3D6 /* Build configuration list for PBXNativeTarget "2020-localizationTests" */;
			buildPhases = (
				97E9F9D62486A2A600D9A3D6 /* Sources */,
				97E9F9D72486A2A600D9A3D6 /* Frameworks */,
				97E9F9D82486A2A600D9A3D6 /* Resources */,
			);
			buildRules = (
			);
			dependencies = (
				97E9F9DC2486A2A600D9A3D6 /* PBXTargetDependency */,
			);
			name = "2020-localizationTests";
			productName = "2020-localizationTests";
			productReference = 97E9F9DA2486A2A600D9A3D6 /* 2020-localizationTests.xctest */;
			productType = "com.apple.product-type.bundle.unit-test";
		};
		97E9F9E42486A2A600D9A3D6 /* 2020-localizationUITests */ = {
			isa = PBXNativeTarget;
			buildConfigurationList = 97E9F9F42486A2A600D9A3D6 /* Build configuration list for PBXNativeTarget "2020-localizationUITests" */;
			buildPhases = (
				97E9F9E12486A2A600D9A3D6 /* Sources */,
				97E9F9E22486A2A600D9A3D6 /* Frameworks */,
				97E9F9E32486A2A600D9A3D6 /* Resources */,
			);
			buildRules = (
			);
			dependencies = (
				97E9F9E72486A2A600D9A3D6 /* PBXTargetDependency */,
			);
			name = "2020-localizationUITests";
			productName = "2020-localizationUITests";
			productReference = 97E9F9E52486A2A600D9A3D6 /* 2020-localizationUITests.xctest */;
			productType = "com.apple.product-type.bundle.ui-testing";
		};
/* End PBXNativeTarget section */

/* Begin PBXProject section */
		97E9F9BC2486A2A400D9A3D6 /* Project object */ = {
			isa = PBXProject;
			attributes = {
				LastSwiftUpdateCheck = 1140;
				LastUpgradeCheck = 1140;
				ORGANIZATIONNAME = "T. Andrew Binkowski";
				TargetAttributes = {
					97E9F9C32486A2A400D9A3D6 = {
						CreatedOnToolsVersion = 11.4.1;
					};
					97E9F9D92486A2A600D9A3D6 = {
						CreatedOnToolsVersion = 11.4.1;
						TestTargetID = 97E9F9C32486A2A400D9A3D6;
					};
					97E9F9E42486A2A600D9A3D6 = {
						CreatedOnToolsVersion = 11.4.1;
						TestTargetID = 97E9F9C32486A2A400D9A3D6;
					};
				};
			};
			buildConfigurationList = 97E9F9BF2486A2A400D9A3D6 /* Build configuration list for PBXProject "2020-localization" */;
			compatibilityVersion = "Xcode 9.3";
			developmentRegion = en;
			hasScannedForEncodings = 0;
			knownRegions = (
				en,
				Base,
				es,
			);
			mainGroup = 97E9F9BB2486A2A400D9A3D6;
			productRefGroup = 97E9F9C52486A2A400D9A3D6 /* Products */;
			projectDirPath = "";
			projectRoot = "";
			targets = (
				97E9F9C32486A2A400D9A3D6 /* 2020-localization */,
				97E9F9D92486A2A600D9A3D6 /* 2020-localizationTests */,
				97E9F9E42486A2A600D9A3D6 /* 2020-localizationUITests */,
			);
		};
/* End PBXProject section */

/* Begin PBXResourcesBuildPhase section */
		97E9F9C22486A2A400D9A3D6 /* Resources */ = {
			isa = PBXResourcesBuildPhase;
			buildActionMask = 2147483647;
			files = (
				97E9F9D42486A2A600D9A3D6 /* LaunchScreen.storyboard in Resources */,
				97E9F9FD2486A97B00D9A3D6 /* Localizable.strings in Resources */,
				97E9F9D12486A2A600D9A3D6 /* Assets.xcassets in Resources */,
				97E9F9CF2486A2A400D9A3D6 /* Main.storyboard in Resources */,
			);
			runOnlyForDeploymentPostprocessing = 0;
		};
		97E9F9D82486A2A600D9A3D6 /* Resources */ = {
			isa = PBXResourcesBuildPhase;
			buildActionMask = 2147483647;
			files = (
			);
			runOnlyForDeploymentPostprocessing = 0;
		};
		97E9F9E32486A2A600D9A3D6 /* Resources */ = {
			isa = PBXResourcesBuildPhase;
			buildActionMask = 2147483647;
			files = (
			);
			runOnlyForDeploymentPostprocessing = 0;
		};
/* End PBXResourcesBuildPhase section */

/* Begin PBXSourcesBuildPhase section */
		97E9F9C02486A2A400D9A3D6 /* Sources */ = {
			isa = PBXSourcesBuildPhase;
			buildActionMask = 2147483647;
			files = (
				97E9F9CC2486A2A400D9A3D6 /* ViewController.swift in Sources */,
				97E9F9C82486A2A400D9A3D6 /* AppDelegate.swift in Sources */,
				97E9F9CA2486A2A400D9A3D6 /* SceneDelegate.swift in Sources */,
			);
			runOnlyForDeploymentPostprocessing = 0;
		};
		97E9F9D62486A2A600D9A3D6 /* Sources */ = {
			isa = PBXSourcesBuildPhase;
			buildActionMask = 2147483647;
			files = (
				97E9F9DF2486A2A600D9A3D6 /* _020_localizationTests.swift in Sources */,
			);
			runOnlyForDeploymentPostprocessing = 0;
		};
		97E9F9E12486A2A600D9A3D6 /* Sources */ = {
			isa = PBXSourcesBuildPhase;
			buildActionMask = 2147483647;
			files = (
				97E9F9EA2486A2A600D9A3D6 /* _020_localizationUITests.swift in Sources */,
			);
			runOnlyForDeploymentPostprocessing = 0;
		};
/* End PBXSourcesBuildPhase section */

/* Begin PBXTargetDependency section */
		97E9F9DC2486A2A600D9A3D6 /* PBXTargetDependency */ = {
			isa = PBXTargetDependency;
			target = 97E9F9C32486A2A400D9A3D6 /* 2020-localization */;
			targetProxy = 97E9F9DB2486A2A600D9A3D6 /* PBXContainerItemProxy */;
		};
		97E9F9E72486A2A600D9A3D6 /* PBXTargetDependency */ = {
			isa = PBXTargetDependency;
			target = 97E9F9C32486A2A400D9A3D6 /* 2020-localization */;
			targetProxy = 97E9F9E62486A2A600D9A3D6 /* PBXContainerItemProxy */;
		};
/* End PBXTargetDependency section */

/* Begin PBXVariantGroup section */
		97E9F9CD2486A2A400D9A3D6 /* Main.storyboard */ = {
			isa = PBXVariantGroup;
			children = (
				97E9F9CE2486A2A400D9A3D6 /* Base */,
				97E9F9F92486A45400D9A3D6 /* es */,
			);
			name = Main.storyboard;
			sourceTree = "<group>";
		};
		97E9F9D22486A2A600D9A3D6 /* LaunchScreen.storyboard */ = {
			isa = PBXVariantGroup;
			children = (
				97E9F9D32486A2A600D9A3D6 /* Base */,
				97E9F9FA2486A45400D9A3D6 /* es */,
			);
			name = LaunchScreen.storyboard;
			sourceTree = "<group>";
		};
		97E9F9FF2486A97B00D9A3D6 /* Localizable.strings */ = {
			isa = PBXVariantGroup;
			children = (
				97E9F9FE2486A97B00D9A3D6 /* es */,
				97E9FA002486AA5B00D9A3D6 /* en */,
			);
			name = Localizable.strings;
			sourceTree = "<group>";
		};
/* End PBXVariantGroup section */

/* Begin XCBuildConfiguration section */
		97E9F9EC2486A2A600D9A3D6 /* Debug */ = {
			isa = XCBuildConfiguration;
			buildSettings = {
				ALWAYS_SEARCH_USER_PATHS = NO;
				CLANG_ANALYZER_LOCALIZABILITY_NONLOCALIZED = YES;
				CLANG_ANALYZER_NONNULL = YES;
				CLANG_ANALYZER_NUMBER_OBJECT_CONVERSION = YES_AGGRESSIVE;
				CLANG_CXX_LANGUAGE_STANDARD = "gnu++14";
				CLANG_CXX_LIBRARY = "libc++";
				CLANG_ENABLE_MODULES = YES;
				CLANG_ENABLE_OBJC_ARC = YES;
				CLANG_ENABLE_OBJC_WEAK = YES;
				CLANG_WARN_BLOCK_CAPTURE_AUTORELEASING = YES;
				CLANG_WARN_BOOL_CONVERSION = YES;
				CLANG_WARN_COMMA = YES;
				CLANG_WARN_CONSTANT_CONVERSION = YES;
				CLANG_WARN_DEPRECATED_OBJC_IMPLEMENTATIONS = YES;
				CLANG_WARN_DIRECT_OBJC_ISA_USAGE = YES_ERROR;
				CLANG_WARN_DOCUMENTATION_COMMENTS = YES;
				CLANG_WARN_EMPTY_BODY = YES;
				CLANG_WARN_ENUM_CONVERSION = YES;
				CLANG_WARN_INFINITE_RECURSION = YES;
				CLANG_WARN_INT_CONVERSION = YES;
				CLANG_WARN_NON_LITERAL_NULL_CONVERSION = YES;
				CLANG_WARN_OBJC_IMPLICIT_RETAIN_SELF = YES;
				CLANG_WARN_OBJC_LITERAL_CONVERSION = YES;
				CLANG_WARN_OBJC_ROOT_CLASS = YES_ERROR;
				CLANG_WARN_RANGE_LOOP_ANALYSIS = YES;
				CLANG_WARN_STRICT_PROTOTYPES = YES;
				CLANG_WARN_SUSPICIOUS_MOVE = YES;
				CLANG_WARN_UNGUARDED_AVAILABILITY = YES_AGGRESSIVE;
				CLANG_WARN_UNREACHABLE_CODE = YES;
				CLANG_WARN__DUPLICATE_METHOD_MATCH = YES;
				COPY_PHASE_STRIP = NO;
				DEBUG_INFORMATION_FORMAT = dwarf;
				ENABLE_STRICT_OBJC_MSGSEND = YES;
				ENABLE_TESTABILITY = YES;
				GCC_C_LANGUAGE_STANDARD = gnu11;
				GCC_DYNAMIC_NO_PIC = NO;
				GCC_NO_COMMON_BLOCKS = YES;
				GCC_OPTIMIZATION_LEVEL = 0;
				GCC_PREPROCESSOR_DEFINITIONS = (
					"DEBUG=1",
					"$(inherited)",
				);
				GCC_WARN_64_TO_32_BIT_CONVERSION = YES;
				GCC_WARN_ABOUT_RETURN_TYPE = YES_ERROR;
				GCC_WARN_UNDECLARED_SELECTOR = YES;
				GCC_WARN_UNINITIALIZED_AUTOS = YES_AGGRESSIVE;
				GCC_WARN_UNUSED_FUNCTION = YES;
				GCC_WARN_UNUSED_VARIABLE = YES;
				IPHONEOS_DEPLOYMENT_TARGET = 13.4;
				MTL_ENABLE_DEBUG_INFO = INCLUDE_SOURCE;
				MTL_FAST_MATH = YES;
				ONLY_ACTIVE_ARCH = YES;
				SDKROOT = iphoneos;
				SWIFT_ACTIVE_COMPILATION_CONDITIONS = DEBUG;
				SWIFT_OPTIMIZATION_LEVEL = "-Onone";
			};
			name = Debug;
		};
		97E9F9ED2486A2A600D9A3D6 /* Release */ = {
			isa = XCBuildConfiguration;
			buildSettings = {
				ALWAYS_SEARCH_USER_PATHS = NO;
				CLANG_ANALYZER_LOCALIZABILITY_NONLOCALIZED = YES;
				CLANG_ANALYZER_NONNULL = YES;
				CLANG_ANALYZER_NUMBER_OBJECT_CONVERSION = YES_AGGRESSIVE;
				CLANG_CXX_LANGUAGE_STANDARD = "gnu++14";
				CLANG_CXX_LIBRARY = "libc++";
				CLANG_ENABLE_MODULES = YES;
				CLANG_ENABLE_OBJC_ARC = YES;
				CLANG_ENABLE_OBJC_WEAK = YES;
				CLANG_WARN_BLOCK_CAPTURE_AUTORELEASING = YES;
				CLANG_WARN_BOOL_CONVERSION = YES;
				CLANG_WARN_COMMA = YES;
				CLANG_WARN_CONSTANT_CONVERSION = YES;
				CLANG_WARN_DEPRECATED_OBJC_IMPLEMENTATIONS = YES;
				CLANG_WARN_DIRECT_OBJC_ISA_USAGE = YES_ERROR;
				CLANG_WARN_DOCUMENTATION_COMMENTS = YES;
				CLANG_WARN_EMPTY_BODY = YES;
				CLANG_WARN_ENUM_CONVERSION = YES;
				CLANG_WARN_INFINITE_RECURSION = YES;
				CLANG_WARN_INT_CONVERSION = YES;
				CLANG_WARN_NON_LITERAL_NULL_CONVERSION = YES;
				CLANG_WARN_OBJC_IMPLICIT_RETAIN_SELF = YES;
				CLANG_WARN_OBJC_LITERAL_CONVERSION = YES;
				CLANG_WARN_OBJC_ROOT_CLASS = YES_ERROR;
				CLANG_WARN_RANGE_LOOP_ANALYSIS = YES;
				CLANG_WARN_STRICT_PROTOTYPES = YES;
				CLANG_WARN_SUSPICIOUS_MOVE = YES;
				CLANG_WARN_UNGUARDED_AVAILABILITY = YES_AGGRESSIVE;
				CLANG_WARN_UNREACHABLE_CODE = YES;
				CLANG_WARN__DUPLICATE_METHOD_MATCH = YES;
				COPY_PHASE_STRIP = NO;
				DEBUG_INFORMATION_FORMAT = "dwarf-with-dsym";
				ENABLE_NS_ASSERTIONS = NO;
				ENABLE_STRICT_OBJC_MSGSEND = YES;
				GCC_C_LANGUAGE_STANDARD = gnu11;
				GCC_NO_COMMON_BLOCKS = YES;
				GCC_WARN_64_TO_32_BIT_CONVERSION = YES;
				GCC_WARN_ABOUT_RETURN_TYPE = YES_ERROR;
				GCC_WARN_UNDECLARED_SELECTOR = YES;
				GCC_WARN_UNINITIALIZED_AUTOS = YES_AGGRESSIVE;
				GCC_WARN_UNUSED_FUNCTION = YES;
				GCC_WARN_UNUSED_VARIABLE = YES;
				IPHONEOS_DEPLOYMENT_TARGET = 13.4;
				MTL_ENABLE_DEBUG_INFO = NO;
				MTL_FAST_MATH = YES;
				SDKROOT = iphoneos;
				SWIFT_COMPILATION_MODE = wholemodule;
				SWIFT_OPTIMIZATION_LEVEL = "-O";
				VALIDATE_PRODUCT = YES;
			};
			name = Release;
		};
		97E9F9EF2486A2A600D9A3D6 /* Debug */ = {
			isa = XCBuildConfiguration;
			buildSettings = {
				ASSETCATALOG_COMPILER_APPICON_NAME = AppIcon;
				CODE_SIGN_STYLE = Automatic;
				DEVELOPMENT_TEAM = 723KYE3F9E;
				INFOPLIST_FILE = "2020-localization/Info.plist";
				LD_RUNPATH_SEARCH_PATHS = (
					"$(inherited)",
					"@executable_path/Frameworks",
				);
				PRODUCT_BUNDLE_IDENTIFIER = "mobi.uchicago.-020-localization";
				PRODUCT_NAME = "$(TARGET_NAME)";
				SWIFT_VERSION = 5.0;
				TARGETED_DEVICE_FAMILY = 1;
			};
			name = Debug;
		};
		97E9F9F02486A2A600D9A3D6 /* Release */ = {
			isa = XCBuildConfiguration;
			buildSettings = {
				ASSETCATALOG_COMPILER_APPICON_NAME = AppIcon;
				CODE_SIGN_STYLE = Automatic;
				DEVELOPMENT_TEAM = 723KYE3F9E;
				INFOPLIST_FILE = "2020-localization/Info.plist";
				LD_RUNPATH_SEARCH_PATHS = (
					"$(inherited)",
					"@executable_path/Frameworks",
				);
				PRODUCT_BUNDLE_IDENTIFIER = "mobi.uchicago.-020-localization";
				PRODUCT_NAME = "$(TARGET_NAME)";
				SWIFT_VERSION = 5.0;
				TARGETED_DEVICE_FAMILY = 1;
			};
			name = Release;
		};
		97E9F9F22486A2A600D9A3D6 /* Debug */ = {
			isa = XCBuildConfiguration;
			buildSettings = {
				ALWAYS_EMBED_SWIFT_STANDARD_LIBRARIES = YES;
				BUNDLE_LOADER = "$(TEST_HOST)";
				CODE_SIGN_STYLE = Automatic;
				DEVELOPMENT_TEAM = 723KYE3F9E;
				INFOPLIST_FILE = "2020-localizationTests/Info.plist";
				IPHONEOS_DEPLOYMENT_TARGET = 13.4;
				LD_RUNPATH_SEARCH_PATHS = (
					"$(inherited)",
					"@executable_path/Frameworks",
					"@loader_path/Frameworks",
				);
				PRODUCT_BUNDLE_IDENTIFIER = "mobi.uchicago.-020-localizationTests";
				PRODUCT_NAME = "$(TARGET_NAME)";
				SWIFT_VERSION = 5.0;
				TARGETED_DEVICE_FAMILY = "1,2";
				TEST_HOST = "$(BUILT_PRODUCTS_DIR)/2020-localization.app/2020-localization";
			};
			name = Debug;
		};
		97E9F9F32486A2A600D9A3D6 /* Release */ = {
			isa = XCBuildConfiguration;
			buildSettings = {
				ALWAYS_EMBED_SWIFT_STANDARD_LIBRARIES = YES;
				BUNDLE_LOADER = "$(TEST_HOST)";
				CODE_SIGN_STYLE = Automatic;
				DEVELOPMENT_TEAM = 723KYE3F9E;
				INFOPLIST_FILE = "2020-localizationTests/Info.plist";
				IPHONEOS_DEPLOYMENT_TARGET = 13.4;
				LD_RUNPATH_SEARCH_PATHS = (
					"$(inherited)",
					"@executable_path/Frameworks",
					"@loader_path/Frameworks",
				);
				PRODUCT_BUNDLE_IDENTIFIER = "mobi.uchicago.-020-localizationTests";
				PRODUCT_NAME = "$(TARGET_NAME)";
				SWIFT_VERSION = 5.0;
				TARGETED_DEVICE_FAMILY = "1,2";
				TEST_HOST = "$(BUILT_PRODUCTS_DIR)/2020-localization.app/2020-localization";
			};
			name = Release;
		};
		97E9F9F52486A2A600D9A3D6 /* Debug */ = {
			isa = XCBuildConfiguration;
			buildSettings = {
				ALWAYS_EMBED_SWIFT_STANDARD_LIBRARIES = YES;
				CODE_SIGN_STYLE = Automatic;
				DEVELOPMENT_TEAM = 723KYE3F9E;
				INFOPLIST_FILE = "2020-localizationUITests/Info.plist";
				LD_RUNPATH_SEARCH_PATHS = (
					"$(inherited)",
					"@executable_path/Frameworks",
					"@loader_path/Frameworks",
				);
				PRODUCT_BUNDLE_IDENTIFIER = "mobi.uchicago.-020-localizationUITests";
				PRODUCT_NAME = "$(TARGET_NAME)";
				SWIFT_VERSION = 5.0;
				TARGETED_DEVICE_FAMILY = "1,2";
				TEST_TARGET_NAME = "2020-localization";
			};
			name = Debug;
		};
		97E9F9F62486A2A600D9A3D6 /* Release */ = {
			isa = XCBuildConfiguration;
			buildSettings = {
				ALWAYS_EMBED_SWIFT_STANDARD_LIBRARIES = YES;
				CODE_SIGN_STYLE = Automatic;
				DEVELOPMENT_TEAM = 723KYE3F9E;
				INFOPLIST_FILE = "2020-localizationUITests/Info.plist";
				LD_RUNPATH_SEARCH_PATHS = (
					"$(inherited)",
					"@executable_path/Frameworks",
					"@loader_path/Frameworks",
				);
				PRODUCT_BUNDLE_IDENTIFIER = "mobi.uchicago.-020-localizationUITests";
				PRODUCT_NAME = "$(TARGET_NAME)";
				SWIFT_VERSION = 5.0;
				TARGETED_DEVICE_FAMILY = "1,2";
				TEST_TARGET_NAME = "2020-localization";
			};
			name = Release;
		};
/* End XCBuildConfiguration section */

/* Begin XCConfigurationList section */
		97E9F9BF2486A2A400D9A3D6 /* Build configuration list for PBXProject "2020-localization" */ = {
			isa = XCConfigurationList;
			buildConfigurations = (
				97E9F9EC2486A2A600D9A3D6 /* Debug */,
				97E9F9ED2486A2A600D9A3D6 /* Release */,
			);
			defaultConfigurationIsVisible = 0;
			defaultConfigurationName = Release;
		};
		97E9F9EE2486A2A600D9A3D6 /* Build configuration list for PBXNativeTarget "2020-localization" */ = {
			isa = XCConfigurationList;
			buildConfigurations = (
				97E9F9EF2486A2A600D9A3D6 /* Debug */,
				97E9F9F02486A2A600D9A3D6 /* Release */,
			);
			defaultConfigurationIsVisible = 0;
			defaultConfigurationName = Release;
		};
		97E9F9F12486A2A600D9A3D6 /* Build configuration list for PBXNativeTarget "2020-localizationTests" */ = {
			isa = XCConfigurationList;
			buildConfigurations = (
				97E9F9F22486A2A600D9A3D6 /* Debug */,
				97E9F9F32486A2A600D9A3D6 /* Release */,
			);
			defaultConfigurationIsVisible = 0;
			defaultConfigurationName = Release;
		};
		97E9F9F42486A2A600D9A3D6 /* Build configuration list for PBXNativeTarget "2020-localizationUITests" */ = {
			isa = XCConfigurationList;
			buildConfigurations = (
				97E9F9F52486A2A600D9A3D6 /* Debug */,
				97E9F9F62486A2A600D9A3D6 /* Release */,
			);
			defaultConfigurationIsVisible = 0;
			defaultConfigurationName = Release;
		};
/* End XCConfigurationList section */
	};
	rootObject = 97E9F9BC2486A2A400D9A3D6 /* Project object */;
}
